ISLAND_ACCEPT: Ви прийняли запит від гравця %s §fі стали учасником острова %s
ISLAND_ACCEPT_WHO: '%s §fприйняв ваш запит і став учасником вашого острова'
ISLAND_ACHIEVEMENT_ARMOR_STAND_LORE:
- §8 • §7Стійок для броні §fх10
ISLAND_ACHIEVEMENT_BAKED_POTATO_LORE:
- §8 • §7Картоплі §fх32
ISLAND_ACHIEVEMENT_BEACON_LORE:
- §8 • §7Маяк §fх1
ISLAND_ACHIEVEMENT_BEETROOT_SOUP_LORE:
- §8 • §7Бурякових супів §fх10
ISLAND_ACHIEVEMENT_BONE_BLOCK_LORE:
- §8 • §7Кістяних блоків §fх20
ISLAND_ACHIEVEMENT_BOOKSHELF_LORE:
- §8 • §7Книжкових полиць §fх32
ISLAND_ACHIEVEMENT_BREAD_LORE:
- §8 • §7Хліба §fх10
ISLAND_ACHIEVEMENT_BREAK_NAME: Зламати блоки
ISLAND_ACHIEVEMENT_BREED_NAME: Розмножте
ISLAND_ACHIEVEMENT_BRICK_LORE:
- §8 • §7Блоків з червоної цегли §fх64
ISLAND_ACHIEVEMENT_CARROT_STICK_LORE:
- §8 • §7Вудку з морквою §fх1
ISLAND_ACHIEVEMENT_CHICKEN_LORE:
- §8 • §7Курок §fх2
ISLAND_ACHIEVEMENT_COBBLE_WALL_LORE:
- §8 • §7Стіна з кругляка §fх24
ISLAND_ACHIEVEMENT_COMPASS_LORE:
- §8 • §7Компасів §fх5
ISLAND_ACHIEVEMENT_CONCRETE_POWDER_LORE:
- §8 • §7Цементу §fх8
ISLAND_ACHIEVEMENT_COW_LORE:
- §8 • §7Корів §fх2
ISLAND_ACHIEVEMENT_CRAFT_NAME: Скрафтити предмети
ISLAND_ACHIEVEMENT_DIODE_LORE:
- §8 • §7Повторювачів §fх32
ISLAND_ACHIEVEMENT_EMPTY_MAP_LORE:
- §8 • §7Порожніх карт §fх10
ISLAND_ACHIEVEMENT_ENCHANTMENT_TABLE_LORE:
- §8 • §7Стіл зачарування §fх1
ISLAND_ACHIEVEMENT_FERMENTED_SPIDER_EYE_LORE:
- §8 • §7Ферментованих очей павуків §fх10
ISLAND_ACHIEVEMENT_FURNACE_LORE:
- §8 • §7Піч §fх1
ISLAND_ACHIEVEMENT_FURNACE_NAME: Переплавити
ISLAND_ACHIEVEMENT_GENERATOR_LORE:
- §7Постройте генератор булыжника
- §7и добудьте булыжник
ISLAND_ACHIEVEMENT_GENERATOR_NAME: Створити генератор
ISLAND_ACHIEVEMENT_GLASS_LORE:
- §8 • §7Скло §fх32
ISLAND_ACHIEVEMENT_GOLDEN_APPLE_LORE:
- §8 • §7Золоте яблуко §fх1
ISLAND_ACHIEVEMENT_GOLD_INGOT_LORE:
- §8 • §7Золотих злитків §fх64
ISLAND_ACHIEVEMENT_GUI_NAME: Налаштування острову ▸ Досягнення
ISLAND_ACHIEVEMENT_HAY_BLOCK_LORE:
- §8 • §7Блоків сіна §fх30
ISLAND_ACHIEVEMENT_IRON_INGOT_LORE:
- §8 • §7Залізних злитків §fх64
ISLAND_ACHIEVEMENT_LAPIS_BLOCK_LORE:
- §8 • §7Лазурітних блоків §fх64
ISLAND_ACHIEVEMENT_LEVER_LORE:
- §8 • §7Важелів §fх10
ISLAND_ACHIEVEMENT_LORE:
- §7Список всіх досягнень
- §7на цьому режимі
- ' '
- '§7Виконано: §f%s§7/§c%s'
- ' '
- ' §e▸ Натисніть, щоб відкрити список'
ISLAND_ACHIEVEMENT_NAME: Досягнення
ISLAND_ACHIEVEMENT_OBSIDIAN_LORE:
- §8 • §7Обсидіан §fх32
ISLAND_ACHIEVEMENT_PAINTING_LORE:
- §8 • §7Картини §fх10
ISLAND_ACHIEVEMENT_PIG_LORE:
- §8 • §7Свиней §fх2
ISLAND_ACHIEVEMENT_PISTON_BASE_LORE:
- §8 • §7Поршнів §fх10
ISLAND_ACHIEVEMENT_PUMPKIN_PIE_LORE:
- §8 • §7Гарбузових пирогів §fх8
ISLAND_ACHIEVEMENT_QUARTZ_BLOCK_LORE:
- §8 • §7Кварцових блоків §fх64
ISLAND_ACHIEVEMENT_REDSTONE_COMPARATOR_LORE:
- §8 • §7Компараторів §fх24
ISLAND_ACHIEVEMENT_REDSTONE_LAMP_OFF_LORE:
- §8 • §7Редстоун ламп §fх10
ISLAND_ACHIEVEMENT_RESTART_LORE:
- §7Перестворити свій острів
ISLAND_ACHIEVEMENT_RESTART_NAME: Перестворити
ISLAND_ACHIEVEMENT_SHEEP_LORE:
- §8 • §7Овець §fх2
ISLAND_ACHIEVEMENT_SIGN_LORE:
- §8 • §7Табличок §fх10
ISLAND_ACHIEVEMENT_SLIME_BLOCK_LORE:
- §8 • §7Слаймовий блок §fх1
ISLAND_ACHIEVEMENT_SMOOTH_BRICK_LORE:
- §8 • §7Кам'яних цегл §fх64
ISLAND_ACHIEVEMENT_START_LORE:
- §7Створити острів 1-й раз
ISLAND_ACHIEVEMENT_START_NAME: Старт
ISLAND_ACHIEVEMENT_STONE_BUTTON_LORE:
- §8 • §7Кам'яних кнопок §fх10
ISLAND_ACHIEVEMENT_STONE_PLATE_LORE:
- §8 • §7Кам'яних напірних пластин §fх10
ISLAND_ACHIEVEMENT_TNT_LORE:
- §8 • §7TNT §fх10
ISLAND_ACHIEVEMENT_TORCH_LORE:
- §8 • §7Факела §fх30
ISLAND_ACHIEVEMENT_WOOD_BUTTON_LORE:
- §8 • §7Дерев'яних кнопок §fх10
ISLAND_ACHIEVEMENT_WOOD_PLATE_LORE:
- §8 • §7Дерев'яних напірних пластин §fх10
ISLAND_ACHIEVEMENT_WOOD_STAIRS_LORE:
- §8 • §7Дубових сходинок §fх20
ISLAND_ACHIEVEMENT_WOOD_STEP_LORE:
- §8 • §7Дерев'яних плит §fх20
ISLAND_ADDLEVEL_ERROR: Вибачте, але цей предмет §cне підходить§f для підвищення рівня
  острова
ISLAND_ADDLEVEL_GUI_NAME: Рівень острова
ISLAND_ADDLEVEL_HELP_LORE:
- ''
- '§7Рівень острова: §d%s %s §6%s'
- '§7До наступного рівня: §a%s XP'
ISLAND_ADDLEVEL_HELP_NAME: Інформація
ISLAND_ADDLEVEL_LORE:
- ''
- §7Як тільки ви покладете потрібний
- §7блок в цей слот, він зникне,
- §7а рівень вашого острова підніметься
- ''
- '§7PS: Можна класти відразу стак блоків §8(х64)'
ISLAND_ADDLEVEL_NAME: Перетягніть блоки в цей слот
ISLAND_ADDLEVEL_SUCCES: Гравець %s§f підняв окуляри досвіду вашого острова на §a%s
  §fпунктів
ISLAND_ADDMEMBER_ERROR: §6SkyBlock §8| §cПомилка, цей гравець вже є учасником або
  власником якогось острова
ISLAND_ADDMEMBER_LIMIT: §6SkyBlock §8| §cПомилка, ви перевищити ліміт на кількість
  учасників вашого острова, кількість учасників не повинна перевищувати %s
ISLAND_ADDMEMBER_YOU: §6SkyBlock §8| §cПомилка, ви не можете кинути запрошення самі
  собі
ISLAND_ADD_IGNORE_PLAYER: §6SkyBlock §8| %s §fбув доданий учасником %s§f в список
  небажаних гравців острова
ISLAND_ADD_PLAYER_REQUEST_1: ' %s §fпропонує вам грати разом на своєму острові'
ISLAND_ADD_PLAYER_REQUEST_2: ' §fДля прийняття запиту пишіть '
ISLAND_ADD_PLAYER_REQUEST_3: ' §fДля скасування запиту пишіть '
ISLAND_ADD_PLAYER_REQUEST_4: ' §fУ вас є §a120 §fсекунд, щоб його прийняти'
ISLAND_ADD_REQUEST: §fЗапрошення відправлено гравцеві %s
ISLAND_ALREADY_CREATE: §6SkyBlock §8| §fПомилка, у вас вже є острів. Щоб потрапити
  на свій острів, напишіть §7/island home
ISLAND_BASALT_GENERATOR_UPGRADE: Поліпшення генератора базальту
ISLAND_BASALT_GENERATOR_UPGRADE_MAX:
- '§7У вас максимальний рівень генератора: §a%s'
- '§7Зараз він дає:'
ISLAND_BEACON_BUY_ALREADY: §6SkyBlock §8| §fВи вже володієте даними ефектом
ISLAND_BEACON_ENABLE_ERROR: §6SkyBlock §8| §fВибачте, але ви не можете активувати
  цей ефект, ліміт вашого острова на к-ть ефектів §7%s
ISLAND_BEACON_GUI_NAME: Ефекти
ISLAND_BEACON_NOT_OPEN: §6SkyBlock §8| §fЦей ефект вам недоступний, купіть його!
ISLAND_BIOME_BASALT_DELTAS_LORE:
- ' '
ISLAND_BIOME_BASALT_DELTAS_NAME: Базальтові дельти
ISLAND_BIOME_BUY: §6SkyBlock §8| §fВи успішно купили біом §c%s
ISLAND_BIOME_BUY_ALREADY: §6SkyBlock §8| §fВи вже володієте цим біомом
ISLAND_BIOME_BUY_TO: §6SkyBlock §8| §fГравець %s §fкупив біом §c%s §fза §a%s смарагдових
  блоків
ISLAND_BIOME_CRIMSON_FOREST_LORE:
- ' '
ISLAND_BIOME_CRIMSON_FOREST_NAME: Багряний ліс
ISLAND_BIOME_DESERT_LORE:
- §7Неродючий біом. Єдині
- §7доброзичливі істоти - золотисті
- §7кролики, чиє забарвлення зливається
- §7з піском. Ніколи не йде дощ,
- §7тому подбайте про ваші ферми!
ISLAND_BIOME_DESERT_NAME: Пустеля
ISLAND_BIOME_FOREST_LORE:
- §7Біом, в якому найкраще ростуть
- §7дерева, а в окремих випадках
- §7навіть гриби!
ISLAND_BIOME_FOREST_NAME: Ліс
ISLAND_BIOME_GUI_NAME: Установка біома
ISLAND_BIOME_JUNGLE_LORE:
- §7Оцелоти, плоди какао і папуги зустрічаються
- §7винятково в цьому біомі, крім того,
- §7в ньому найбільш зелена трава.
ISLAND_BIOME_JUNGLE_NAME: Джунглі
ISLAND_BIOME_MESA_LORE:
- §7Рідкісний біом, схожий на пустелю,
- §7з найбільш темним відтінком трави.
ISLAND_BIOME_MESA_NAME: Глиняні рівнини
ISLAND_BIOME_MUSHROOM_ISLAND_LORE:
- §7Найрідкісніший біом в грі, зазвичай складається
- §7з міцелію, але якщо поставити звичайну траву,
- §7вона буде яскраво зеленого кольору. Крім грибних
- §7корів, тут не може з'явитися жодна істота,
- §7але ви можете розмножувати уже наявних!
ISLAND_BIOME_MUSHROOM_ISLAND_NAME: Грибний острів
ISLAND_BIOME_NETHER_WASTES_LORE:
- ' '
ISLAND_BIOME_NETHER_WASTES_NAME: Незерські пустки
ISLAND_BIOME_NOT_OPEN: §6SkyBlock §8| §fЦей біом вам недоступний, купіть його!
ISLAND_BIOME_OCEAN_LORE:
- §7Зазвичай океани стеляться на всі боки,
- §7і становлять 60% площі від всього світу.
- '§7У ньому не з''являються доброзичливі істоти, '
- §7але ворожі можуть собі таке дозволити.
ISLAND_BIOME_OCEAN_NAME: Океан
ISLAND_BIOME_PLAINS_LORE:
- §7Рівнина. Що тут можна сказати?
- §7На ній з'являються коні і деякі
- §7інші доброзичливі істоти.
ISLAND_BIOME_PLAINS_NAME: Рівнина
ISLAND_BIOME_ROOFED_FOREST_LORE:
- §7Темний ліс підходить для вирощування грибів,
- §7а ще в ньому настільки численні дерева,
- §7що в деяких місцях може стати досить
- §7темно, щоб ворожі істоти з'явилися
- §7навіть удень!
ISLAND_BIOME_ROOFED_FOREST_NAME: Темний ліс
ISLAND_BIOME_SET: §6SkyBlock §8| §fВстановлений біом §a%s
ISLAND_BIOME_SET_ERROR: §6SkyBlock §8| §fЦей біом вже встановлений на вашому острові
ISLAND_BIOME_SOUL_SAND_VALLEY_LORE:
- ' '
ISLAND_BIOME_SOUL_SAND_VALLEY_NAME: Долина піску душ
ISLAND_BIOME_SWAMPLAND_LORE:
- §7Темна трава, темно-зелені лози на деревах,
- §7саме тут ночами з'являються Слимаки.
ISLAND_BIOME_SWAMPLAND_NAME: Болото
ISLAND_BIOME_TAIGA_LORE:
- §7Єдине місце для появи вовків,
- §7біом, насичений хвойними деревами, квітами
- §7і папороттям.
ISLAND_BIOME_TAIGA_NAME: Тайга
ISLAND_BIOME_WARPED_FOREST_LORE:
- ' '
ISLAND_BIOME_WARPED_FOREST_NAME: Спотворений ліс
ISLAND_BOX_SHOP_SELECT_LORE:
- §7Купівля ключів відбувається на /warp shop
- ''
- §e▸ Натисніть, щоб придбати ключі
ISLAND_BOX_SHOP_SELECT_NAME: §eПокупка на /warp shop
ISLAND_BUY_BASALT_GENERATOR: §6SkyBlock §8| §fГравець %s §fполіпшив базальтовий генератор
  для вашого острова до §a%s §fрівня
ISLAND_BUY_BEACON_ALERT: §6SkyBlock §8| §fГравець %s §fкупив ефект маяка §7%s §fза
  §e%s §f%s
ISLAND_BUY_BEACON_GUI_LORE:
- ''
- §7Ви впевнені, що хочете купити
- §7цей ефект для вашого острова
- ''
ISLAND_BUY_BEACON_GUI_NAME: Купити ефект?
ISLAND_BUY_BIOME:
- ' '
- §7Ви впевнені, що хочете купити
- §7цей біом ?
- ' '
ISLAND_BUY_BIOME_GUI_NAME: Купити біом?
ISLAND_BUY_GENERATOR: §6SkyBlock §8| §fГравець %s §fполіпшив генератор для вашого
  острова до §a%s §fрівня
ISLAND_BUY_UPGRADE: §6SkyBlock §8| §fГравець %s §fпридбав покращення §a%s
ISLAND_BUY_UPGRADE_GOLD_LORE:
- ' '
- §7Ви впевнені, що хочете купити
- §7це покращення за §eзолото §7?
- ' '
ISLAND_BUY_UPGRADE_GUI_NAME: Купити покращення?
ISLAND_BUY_UPGRADE_LORE:
- ' '
- §7Ви впевнені, що хочете купити
- §7це покращення?
- ' '
ISLAND_BUY_UPGRADE_PRICE_LORE:
- '§7Вартість: §ax%s смарагдових блоків'
- '§7Вартість: §e%s §7%s'
- ' '
- §e▸ Натисніть ЛКМ, щоб купити за блоки
- §e▸ Натисніть ПКМ, щоб купити за золото
ISLAND_BUY_UPGRADE_TERRITORY: §6SkyBlock §8| §fГравець %s §fкупив розширення території
  острова
ISLAND_CANCEL: Ви відхилили запит на спільне співжиття від гравця %s
ISLAND_CANCEL_YOU: Гравець %s §fвідхилив ваш запит
ISLAND_CLASSIC_LORE:
- ' '
- §7Найпростіший острів.
- ' '
- §e▸ Натисніть, щоб обрати цей острів
ISLAND_CLASSIC_NAME: Класичний острів
ISLAND_CLEAR_STATS_APPLY: §6SkyBlock §8| §fСтатистика очищена
ISLAND_CLEAR_STATS_ERROR: §6SkyBlock §8| §fВи не можете очистити порожню статистику
  :/
ISLAND_CLEAR_STATS_LORE:
- ''
- §7Очистити вашу особисту
- §7статистику вбивств і смертей
- ''
- '§7Вартість: §ax%s смарагдових блоків'
- ''
- §e▸ Натисніть, щоб очистити
ISLAND_CLEAR_STATS_NAME: Очистити статистику
ISLAND_CLICK_TO_BUY_BEACON_ERROR:
- '§7Вартість: §e%s §7золота'
- §cЦей ефект вам недоступний!
- ' '
- §e▸ Натисніть ПКМ, щоб купити цей ефект
ISLAND_CLICK_TO_DISABLE_BEACON:
- §e▸ Натисніть, щоб вимкнути ефект
ISLAND_CLICK_TO_ENABLE_BEACON:
- §e▸ Натисніть, щоб увімкнути ефект
ISLAND_CLICK_TO_ENABLE_BEACON_ERROR:
- §cВи не можете активувати цей ефект
- §cУ вас перевищений ліміт на кількість
- §cактивованих ефектів!
ISLAND_CLICK_TO_SET_BIOME: §e▸ Натисніть, щоб обрати біом
ISLAND_CLICK_TO_SET_BIOME_ERROR:
- '§7Вартість: §ax%s смарагдових блоків'
- §cЦей біом вам недоступний!
- ' '
- §e▸ Натисніть ПКМ, щоб купити цей біом
ISLAND_CLOSED: §6SkyBlock §8| §fЦей острів закритий і телепортація на нього неможлива!
  Попросіть власника відключити прапор §cприватність
ISLAND_CO_OWNER: Співвласник
ISLAND_CREATE_LORE:
- ''
- §7Мені здається чи у вас немає острова?!
- §7Натисніть на цей предмет та оберіть
- §7особливу генерацію для свого острова
ISLAND_CREATE_NAME: §eСтворити острів
ISLAND_CREATE_SUBTITLE: §7Детальна інформація §f/is
ISLAND_CREATE_TITLE: §eОстрів успішно створений!
ISLAND_DEFAULT_BASALT_GENERATOR_LORE: §8 • §7100% Базальт
ISLAND_DEFAULT_GENERATOR_LORE: §8 • §7100% Кругляк
ISLAND_DEFAULT_LORE:
- ' '
- §7Звичайний острів, у виконанні
- §7нашого сервера, нічого зайвого.
- ' '
- §e▸ Натисніть, щоб обрати цей острів
ISLAND_DEFAULT_NAME: Стандартний острів
ISLAND_DELETE: §6SkyBlock §8| §fГравець %s §fбув успішно видалений з вашого острова
ISLAND_DELETE_GUI_NAME: Видалити острів?
ISLAND_DELETE_LORE:
- ''
- §7Ви впевнені, що хочете видалити
- §7свій острів? Всі поліпшення, рівень
- §7острови і т.д. будуть скинуті і видалені
- ''
- '§7PS: Повторне створення острова - §f/is create'
- ''
- §cУВАГА! Дію не можна зупинити!
ISLAND_DELETE_MEMBER_ERROR: §6SkyBlock §8| §cПомилка, цей гравець не є учасником вашого
  острова
ISLAND_DELETE_MEMBER_ERROR2: §6SkyBlock §8| §cПомилка, цей гравець власник острова
ISLAND_DELETE_MEMBER_OWNER: §6SkyBlock §8| §cПомилка, ви не можете видалити самі себе
  зі свого острова
ISLAND_DELETE_TO: §6SkyBlock §8| §fГравець %s §fвидалив вас з острова %s §fі ви були
  відправлені на спавн
ISLAND_DESTROY_COOLDOWN: §6SkyBlock §8| §cВи не можете так часто робити рестарт острова,
  вам прийдеться зачекати %s
ISLAND_END_LORE:
- ' '
- §7Невелика кількість ендерняка
- §7і квітучих корусів трохи
- §7скрасять вам геймплей.
- ' '
- §e▸ Натисніть, щоб обрати цей острів
ISLAND_END_NAME: Остров края
ISLAND_FLAG_DROP_LEAVES_LORE:
- ''
- §7Дозволяє увімкнути або
- §7відімкнути опадання
- §7листя на території острова
ISLAND_FLAG_DROP_LEAVES_NAME: Опадання листя
ISLAND_FLAG_DROP_LORE:
- ''
- §7Дозволяє увімкнути або
- §7відімкнути можливість викидати
- §7предмети відвідувачам острова
ISLAND_FLAG_DROP_NAME: Викидання
ISLAND_FLAG_ENTITY_DAMAGE_LORE:
- ''
- §7Дозволяє увімкнути або
- §7відімкнути нанесення шкоди
- §7дружнім мобам
- §7відвідувачам острова
ISLAND_FLAG_ENTITY_DAMAGE_NAME: Шкода по мобах
ISLAND_FLAG_ENTITY_EXPLODE_LORE:
- ''
- §7Дозволяє увімкнути або
- §7відімкнути вибух блоків
- §7від ентіті на території острова
ISLAND_FLAG_ENTITY_EXPLODE_NAME: Вибух блоків
ISLAND_FLAG_ENTITY_GRIEF_LORE:
- ''
- §7Якщо докучливі моби
- §7постійно крадуть блоки,
- §7то цей прапор вирішить
- §7всі ваші проблеми
ISLAND_FLAG_ENTITY_GRIEF_NAME: Гріферство мобів
ISLAND_FLAG_FIRE_SPREAD_LORE:
- ''
- §7Дозволяє увімкнути або
- §7відімкнути поширення
- §7вогню на території острова
ISLAND_FLAG_FIRE_SPREAD_NAME: Поширення вогню
ISLAND_FLAG_GUI_NAME: Прапори
ISLAND_FLAG_HUNGER_LORE:
- ''
- §7Дозволяє увімкнути або
- §7відімкнути голод для
- §7всіх учасників острова
ISLAND_FLAG_HUNGER_NAME: Антиголод
ISLAND_FLAG_INVINCIBLE_LORE:
- ''
- §7Дозволяє увімкнути або
- §7відімкнути Невразливість
- §7на території острова
ISLAND_FLAG_INVINCIBLE_NAME: Невразливість
ISLAND_FLAG_NOT_USED: У вас немає прав на використання цього прапора. Власник острова
  повинен бути %s §fабо вище
ISLAND_FLAG_NOT_USED_GUI:
- §cДоступний для %s §cабо вище
- §c(повинен бути у власника острова)
ISLAND_FLAG_OPENED_LORE:
- ''
- §7Дозволяє закрити або
- §7відкрити острів для
- §7відвідувань іншими гравцями
- ''
- §7Для відвідування чужого острова
- '§7пишіть: §f/is tp <нік>'
ISLAND_FLAG_OPENED_NAME: Приватність
ISLAND_FLAG_PICKUP_LORE:
- ''
- §7Дозволяє увімкнути або
- §7відімкнути піднімання предметів
- §7відвідувачам острова
ISLAND_FLAG_PICKUP_NAME: Піднімання
ISLAND_FLAG_PVP_LORE:
- ''
- §7Дозволяє увімкнути або
- §7відімкнути ПВП на острові
ISLAND_FLAG_PVP_NAME: ПВП
ISLAND_FLAG_SNOW_LORE:
- ''
- §7Дозволити/Заборонити появу
- §7снігу на острові
ISLAND_FLAG_SNOW_NAME: Поява снігу
ISLAND_FLAG_SPAWN_MOB_LORE:
- ''
- §7Дозволяє увімкнути або
- §7відімкнути спавн
- §7мобів на території острова
ISLAND_FLAG_SPAWN_MOB_NAME: Спавн мобів
ISLAND_FLAG_TRANSPORT_LORE:
- ''
- §7Дозволити/заборонити використовувати як транспорт вагонетки,
- §7човни, свиней і коней
ISLAND_FLAG_TRANSPORT_NAME: Транспорт
ISLAND_FLAG_USE_LORE:
- ''
- §7Дозволяє увімкнути або
- §7вимкнути використання
- §7верстатів, важелів і т.д.
- §7для відвідувачів острова
ISLAND_FLAG_USE_NAME: Використання
ISLAND_FLAG_VILLAGERS_LORE:
- ''
- §7Дозволити/заборонити торгуватися з жителями
ISLAND_FLAG_VILLAGERS_NAME: Торгівля
ISLAND_GENERATOR_UPGRADE: Покращення генератора
ISLAND_GENERATOR_UPGRADE_LEVEL:
- '§7Поточний рівень генератора: §a%s'
- '§7Максимальний рівень генератора: §c%s'
- '§7Наразі він дає:'
ISLAND_GENERATOR_UPGRADE_LEVEL_CLICK:
- ''
- '§7Вартість: §ax%s смарагдових блоків'
- ''
- ' §e▸ Натисніть, щоб купити'
ISLAND_GENERATOR_UPGRADE_MAX:
- '§7У вас максимальний рівень генератора: §a%s'
- '§7Наразі він дає:'
ISLAND_HELL_LORE:
- ' '
- §7Найскладніший острів для старту,
- §7магмові блоки і озеро з лавою
- §7дають незабутні, гострі відчуття.
- ' '
- §e▸ Натисніть, щоб обрати цей острів
ISLAND_HELL_NAME: Пекельний острів
ISLAND_HOUSE_LORE:
- ' '
- §7Навіщо потрібен стандартний острів,
- §7коли є острів з будинком ?!
- ' '
- §e▸ Натисніть, щоб обрати цей острів
ISLAND_HOUSE_NAME: Острів з будиночком
ISLAND_IGNORED_GUI_NAME: Заблоковані
ISLAND_IGNORED_LORE:
- ''
- '§7Заблокований: §f%s'
- '§7Хто заблокував: §7%s'
- '§7Онлайн: %s'
- ''
- §e▸ Натисніть ПКМ, щоб управляти гравцем
ISLAND_IGNORED_NOTHING_LORE:
- ''
- §7На вашому острові немає
- §7заблокованих гравців
- ''
ISLAND_IGNORE_ALREADY: §cПомилка, цей гравець вже в списку!
ISLAND_IGNORE_MEMBER: §cПомилка, цей гравець є учасником острова!
ISLAND_LEAVE: §6SkyBlock §8| §fВи покинули острів гравця %s
ISLAND_LEAVE_GUI_NAME: Покинути острів?
ISLAND_LEAVE_LORE:
- ''
- §7Ви впевнені, що хочете залишити
- §7острів на якому граєте
- §7зараз ?
- ''
ISLAND_LEAVE_OWNER: §6SkyBlock §8| §cПомилка, ви не можете залишити свій же острів
ISLAND_MAX_UPGRADE: §6SkyBlock §8| §cПомилка! У вас вже максимальний рівень цього
  апгрейда
ISLAND_MEMBER: Учасник
ISLAND_MEMBERS_GUI_NAME: Учасники острова
ISLAND_MEMBER_BLOCKED: §6SkyBlock §8| §fВибачте, але ви були внесені в §cсписок небажаних
  гравців §fцього острова (власник - %s§f)
ISLAND_MEMBER_LORE:
- ''
- '§7Став учасником острова: §f%s'
- '§7Ранг: §7%s'
- '§7На острові гравця: %s'
- ''
- §e▸ Натисніть ПКМ, щоб управляти гравцем
ISLAND_MEMBER_OFFLINE: §cоффлайн
ISLAND_MEMBER_REMOVED: §6SkyBlcok §8| %s §fбув видалений з острова гравцем %s
ISLAND_MEMBER_REMOVE_LORE:
- ' '
- '§7Видалити учасника острова '
- §7і заборонити йому будь-які зміни
- §7вашого острова
- ' '
- §e▸ Натисніть, щоб видалити учасника
ISLAND_MEMBER_REMOVE_NAME: Видалити учасника острова
ISLAND_MEMBER_SETTINGS_OWNER: §6SkyBlock §8| §cПомилка, ви не можете налаштовувати
  права власника острова!
ISLAND_MEMBER_SET_RANK_ALERT: §6SkyBlcok §8| §fГравцю %s §fбули призначені нові права
  управління островом
ISLAND_MEMBER_SET_RANK_LORE_OFF:
- §7Натисніть, щоб видати нові права
ISLAND_MEMBER_SET_RANK_LORE_ON:
- §7Цы права вже виданы
ISLAND_MEMBER_SET_RANK_NAME_OFF: §aНазначити
ISLAND_MEMBER_SET_RANK_NAME_ON: §7Назначений
ISLAND_MINE_HOLO: До оновлення
ISLAND_MINE_UPDATE: §fАвтошахта оновлена §7/warp mine
ISLAND_MINE_UPDATE_HOLO: Оновлено!
ISLAND_MINE_UPDATE_NETHER: §fАвтошахта оновлена §7/warp minenether
ISLAND_MOB_COMMAND:
- '§fНа вашому острові:'
- ' §c▪ §fТварин: §a%s'
- ' §c▪ §fМонстрів: §a%s'
- ' §c▪ §fГравців: §a%s'
- ' §c▪ §fДропнутих айтемів: §a%s'
- Ваш ліміт мобів §a%s§f/§c%s
ISLAND_MOB_COMMAND_ERROR: §6SkyBlock §8| §fВи повинні знаходиться на території свого
  острова
ISLAND_NETHER_MINE_ERROR: §cВи не можете рити блоки в пекельної шахті, поки не придбаєте
  покращення "Пекло"
ISLAND_NOT_CREATE_WARP: §cВи не можете створювати варп на цьому острові
ISLAND_NOT_FOUND: §6SkyBlock §8| §fОстрів гравця %s §fне знайдений
ISLAND_NOT_OWNER: §cПомилка, ви не власник або співвласник острова!
ISLAND_NOT_USED: §cПомилка, власник острова заборонив взаємодію з подібними предметами
ISLAND_NOT_YOU: §cПомилка, ви не можете це зробити, ви не учасник острова!
ISLAND_NOT_YOU_COMMAND: §cПомилка, ви не можете використовувати цю команду на чужому
  острові!
ISLAND_NO_ISLAND: §6SkyBlock §8| §fПомилка, здається у вас немає острова ... Щоб створити
  свій острів, напишіть §7/island create
ISLAND_NO_PVP: §cПомилка, ПВП на цьому острові вимкнено
ISLAND_OPENED_GUI_LORE:
- ''
- '§7Дата створення: §f%s'
- '§7Біом острова: §c%s'
- '§7Рівень острова: §d%s'
- '§7Відкрито території: §a%s'
- '§7К-ть учасників: §a%s§7/§c%s'
- '§7Онлайн учасників: §a%s'
ISLAND_OPENED_GUI_NAME: Публічні острови
ISLAND_OWNER: Власник
ISLAND_PROFILE_ADDLEVEL_LORE:
- ' '
- §7Збільшення рівня вашого
- §7острова шляхом додавання блоків!
- ' '
- §8• §fЛазуритовый блок §8- §a2 §fочки
- §8• §fКварцовий блок §8- §a3 §fочки
- §8• §fРедстоун блок §8- §a3 §fочки
- §8• §fВугільний блок §8- §a5 §fочок
- §8• §fЗалізний блок §8- §a4 §fочки
- §8• §fДіамантовий блок §8- §a7 §fочок
- §8• §fЗолотий блок §8- §a8 §fочок
- §8• §fСмарагдовий блок §8- §a20 §fочок
- §8• §fНезеритовий блок §8- §a2,400 §fочок
- ' '
- §e▸ Натисніть, щоб відкрити
ISLAND_PROFILE_ADDLEVEL_NAME: Рівень острова
ISLAND_PROFILE_BEACON_LORE:
- ''
- §7Купівля та активація ефектів,
- §7які будуть діяти на весь острів
- ' '
- §e▸ Натисніть, щоб відкрити
ISLAND_PROFILE_BEACON_NAME: Ефекти
ISLAND_PROFILE_BIOME_LORE:
- ' '
- §7Установка і покупка нових біомів
- ' '
- §cУВАГА! Купувати і міняти біоми
- §cострова може тільки власник або співвласник
- ' '
- §e▸ Натисніть, щоб відкрити налаштування біома
ISLAND_PROFILE_BIOME_NAME: Вибір біома
ISLAND_PROFILE_BIOME_NETHER_LORE:
- ' '
- §7Установка і покупка нових пекельних біомів
- ' '
- §cВНИМАНИЕ! Купувати і міняти біоми
- §cострова може тільки власник або співвласник
- ' '
- §e▸ Натисніть, чщоб відкрити налаштування біома
ISLAND_PROFILE_BIOME_NETHER_NAME: Вибір пекельного біома
ISLAND_PROFILE_FLAG_LORE:
- ' '
- §7Повна кастомізація налаштувань
- §7вашого острова
- ' '
- §cУВАГА! Змінювати налаштування прапорів
- §cможе тільки власник або співвласник
- ' '
- §e▸ Натисніть, щоб відкрити налаштування прапорів
ISLAND_PROFILE_FLAG_NAME: Налаштування прапорів
ISLAND_PROFILE_GUI_NAME: Налаштування острова
ISLAND_PROFILE_HOME_LORE:
- ' '
- §7Телепортація на точку будинку
- ' '
- '§7PS: Щоб встановити точку будинку,'
- §7пишіть §f/is sethome
- ' '
- §e▸ Натисніть, щоб телепортуватися
ISLAND_PROFILE_HOME_NAME: Телепортація додому
ISLAND_PROFILE_IGNORE_LIST_LORE:
- ' '
- §7Перегляд і видалення заблокованих
- §7гравців вашого острова
- ' '
- §7Щоб додати гравця в цей список,
- '§7напишіть команду: §f/is ignore <нік гравця>'
- ' '
- §cУВАГА! Заблоковані гравці
- §cне зможуть потрапити на ваш острів!
- ' '
- §e▸ Натисніть, щоб відкрити список
ISLAND_PROFILE_IGNORE_LIST_NAME: Список заблокованих
ISLAND_PROFILE_LORE:
- ' '
- '§7Дата створення: §f%s'
- '§7Власник: %s'
- '§7Ваш ранг: §c%s'
- '§7Біом острова: §c%s'
- '§7Рівень острова: §d%s'
- '§7До наступного рівня: §a%s XP'
- '§7Ліміт мобів: §a%s'
- '§7Відкрито території: §a%s'
- '§7К-ть учасників: §a%s§7/§c%s'
- ' '
ISLAND_PROFILE_MEMBERS_LORE:
- ' '
- §7Перегляд і настроювання прав учасників острова,
- §7а так само детальна інформація про кожного з них
- ' '
- §e▸ Натисніть, щоб відкрити меню
ISLAND_PROFILE_MEMBERS_NAME: Список учасників острова
ISLAND_PROFILE_NAME: Пповна інформація по острову
ISLAND_PROFILE_UPGRADE_LORE:
- ' '
- §7Купівля покращень для вашого острова
- ' '
- §cУВАГА! Покращувати острів може тільки
- §cвласник або співвласник
- ' '
- §e▸ Натисніть, щоб покращити острів
ISLAND_PROFILE_UPGRADE_NAME: Покращення острова
ISLAND_RANK_CO_OWNER:
- ' '
- '§7Доступні права:'
- §8• §7Всі права учасника острова
- §8• §7Купівля і установка біомів
- §8• §7Управління правами користувачів острова
- §8• §7Покращення острова
- §8• §7Керування прапорами острова
- ' '
ISLAND_RANK_MEMBER:
- ' '
- '§7Доступні права:'
- §8• §7Телепортація на острів
- §8• §7Взаємодія з територією острова
- ' '
ISLAND_REGUEST_GUI_NAME: Активні запрошення
ISLAND_REMOVED: §6SkyBlock §8| §fОстрів успішно видалений, ви були переміщені на спавн
ISLAND_REMOVED_MEMBER: §6SkyBlock §8| §fВласник острова видалив свій острів, ви були
  переміщені на спавн
ISLAND_REMOVE_IGNORE_PLAYER: §6SkyBlock §8| %s §fбув видалений учасником %s§f з списку
  небажаних гравців острова
ISLAND_REMOVE_MEMBER_GUI_NAME: Видалити учасника?
ISLAND_REMOVE_MEMBER_LORE:
- ''
- §7Ви впевнені, що хочете видалити
- §7з вашого привату цього
- §7учасника?
- ''
ISLAND_REQUESTS_ERROR: §6SkyBlock §8| §cПомилка, у вас вже є острів, запрошення вам
  не потрібні
ISLAND_REQUESTS_ITEM_HEAD_LORE:
- ''
- §7Заявка буде видалена
- §7через §c%s §7%s
- ''
- '§7Власник острова:'
- ' §f%s'
- ''
- §e▸ ЛКМ, щоб прийняти запит
- §e▸ ПКМ, щоб відхилити
ISLAND_RESET: §6SkyBlock §8| §fВаш острів був очищений і перебудований
ISLAND_RESET_GUI_NAME: Перестворити острів?
ISLAND_RESET_LORE:
- ''
- §7Ви впевнені, що хочете очистити
- §7територію свого острова і почати
- §7все з чистого аркуша?
- ''
- §cУВАГА! Дія не є зворотньою!
ISLAND_ROCKS_LORE:
- ' '
- §7Версія острова з невеликим камінням
- §7по всій поверхні і дещо відмінним
- §7від стандартного оформлення.
- ' '
- §e▸ Натисніть, щоб обрати цей острів
ISLAND_ROCKS_NAME: Кам'янистий острів
ISLAND_RUINES_LORE:
- ' '
- §7Можливо, на цьому острові виживав якийсь
- '§7інший гравець до тебе ... Жарт! '
- §7Ще один непоганий варіант для старту.
- ' '
- §e▸ Натисніть, щоб обрати цей острів
ISLAND_RUINES_NAME: Острів в руїнах
ISLAND_SETHOME: §6SkyBlock §8| §fТочка будинку встановлена (§7%s§f)
ISLAND_SETHOME_ERROR: §6SkyBlock §8| §cВи не можете встановити точку будинку в цій
  локації
ISLAND_TAIGA_LORE:
- ' '
- §7Йо-хо-хо, любите сніг і мороз?
- §7Тоді цей острів точно для вас,
- §7на ньому навіть є стовп у вигляді льодяника,
- §7хіба не диво?
- ' '
- §e▸ Натисніть, щоб обрати цей острів
ISLAND_TAIGA_NAME: Сніговий острів
ISLAND_TELEPORT_HOME: §6SkyBlock §8| §fВи були телепортовані на острів (власник -
  %s§f)
ISLAND_TOP_KILLS_HOLO:
- §6§lТоп по вбивствах
- §fТоп гравців по кількості
- §fвбитих гравців
ISLAND_TOP_LEVEL: рівень
ISLAND_TOP_LEVEL_HOLO:
- §6§lТоп по рівню острова
- §fТоп власників островів
- §fпо по рівню їхнього острова
ISLAND_UPGRADED_TERRITORY_LORE:
- ' '
- §7Збільшення максимального розміру вашого острова
- ' '
- '§7Поточний рівень покращення: §a%s'
- '§7Максимальний рівень: §c5'
- ' '
ISLAND_UPGRADE_BUY_ERROR: §6SkyBlock §8| §fУ вас недостатньо §aсмарагдових блоків§f
  для цієї покупки (необхідно §7x%s§f)
ISLAND_UPGRADE_BUY_GOLD_ERROR: §6SkyBlock §8| §fУ вас недостатньо §eзолота §f для
  цієї покупки (необхідно §e%s§f)
ISLAND_UPGRADE_EFFICIENCY_FURNACE_LORE:
- null
- §7З шансом 5% піч видасть в 2 рази
- §7більше ресурсів після плавки
ISLAND_UPGRADE_EFFICIENCY_FURNACE_NAME: Подвійна піч
ISLAND_UPGRADE_EXPENSIVE_PLANTS_LORE:
- null
- §7З шансом 25% ваші культури будуть
- §7рости швидше
- ''
- §8Пшениця, Картопля, Морква, Буряк, Пекельний наріст
ISLAND_UPGRADE_EXPENSIVE_PLANTS_NAME: Тяга до сонця
ISLAND_UPGRADE_FUEL_ECONOMY_FURNACE_LORE:
- null
- §7Будь-яке паливо в печі горить в 1.5 рази довше
ISLAND_UPGRADE_FUEL_ECONOMY_FURNACE_NAME: Паливний барон
ISLAND_UPGRADE_NETHER_LORE:
- null
- §7Відкриває доступ до пекла
- §7та пекельну шахту
ISLAND_UPGRADE_NETHER_NAME: Пекельні дрібниці
ISLAND_UPGRADE_TERRITORY_LORE:
- ' '
- §7Збільшення максимального розміру вашого острова
- ' '
- '§7Поточний рівень покращення: §a%s'
- '§7Максимальний рівень: §c5'
- ' '
- '§7Вартість: §ax%s смарагдових блоків'
- ' '
- §e▸ Натисніть, щоб збільшити розмір
ISLAND_UPGRADE_TERRITORY_NAME: Покращення території
ISLAND_WARP_REMOVED: §cВаш варп %s §cбув видалений, тому що острів на якому він стояв
  став приватним або ви були видалені з острова
ISLAND_YOU_NOT_OWNER: У вас немає прав на цю дію! Вам потрібно бути модератором або
  власником цього острова
SKYBLOCK_CHOISED_GUI_NAME: Вибір острова
SKYBLOCK_SHOP_BLOCKS: Магазин блоків
SKYBLOCK_SHOP_CUSTOM: Магазин рідкостей
SKYBLOCK_SHOP_EXCHANGER: Магазин обмінник
SKYBLOCK_SHOP_FARMING: Магазин фермерства
SKYBLOCK_SHOP_LOOT: Магазин дропа
SKYBLOCK_SHOP_OTHER: Магазин різного
SKYBLOCK_SHOP_RES: Магазин ресурсів
SKYBLOCK_UPGRADE_GUI_NAME: Покращення
