SKYBLOCK_CHOISED_GUI_NAME: Выбор острова
SKYBLOCK_SHOP_BLOCKS: Магазин блоков
SKYBLOCK_SHOP_CUSTOM: Магазин редкостей
SKYBLOCK_SHOP_EXCHANGER: Магазин обменник
SKYBLOCK_SHOP_FARMING: Магазин фермерства
SKYBLOCK_SHOP_LOOT: Магазин дропа
SKYBLOCK_SHOP_OTHER: Магазин разного
SKYBLOCK_SHOP_RES: Магазин ресурсов
SKYBLOCK_UPGRADE_GUI_NAME: Улучшения
