ISLAND_ACCEPT: $SB_PREFIX$Вы приняли запрос от игрока %s §fи стали участником острова %s
ISLAND_ACCEPT_WHO: $SB_PREFIX$Игрок %s §fпринял ваш запрос и стал участником вашего острова
ISLAND_ACHIEVEMENT_ARMOR_STAND_LORE:
- §8 • §7Стоек для брони §fх10
ISLAND_ACHIEVEMENT_BAKED_POTATO_LORE:
- §8 • §7Картошки §fх32
ISLAND_ACHIEVEMENT_BEACON_LORE:
- §8 • §7Маяк §fх1
ISLAND_ACHIEVEMENT_BEETROOT_SOUP_LORE:
- §8 • §7Свекольных супов §fх10
ISLAND_ACHIEVEMENT_BONE_BLOCK_LORE:
- §8 • §7Костяных блоков §fх20
ISLAND_ACHIEVEMENT_BOOKSHELF_LORE:
- §8 • §7Книжных полок §fх32
ISLAND_ACHIEVEMENT_BREAD_LORE:
- §8 • §7Хлеба §fх10
ISLAND_ACHIEVEMENT_BREAK_NAME: Сломать блоки
ISLAND_ACHIEVEMENT_BREED_NAME: Размножьте
ISLAND_ACHIEVEMENT_BRICK_LORE:
- §8 • §7Блоков из красного кирпича §fх64
ISLAND_ACHIEVEMENT_CARROT_STICK_LORE:
- §8 • §7Удочку с морковью §fх1
ISLAND_ACHIEVEMENT_CHICKEN_LORE:
- §8 • §7Куриц §fх2
ISLAND_ACHIEVEMENT_COBBLE_WALL_LORE:
- §8 • §7Стена из булыжника §fх24
ISLAND_ACHIEVEMENT_COMPASS_LORE:
- §8 • §7Компасов §fх5
ISLAND_ACHIEVEMENT_CONCRETE_POWDER_LORE:
- §8 • §7Цемента §fх8
ISLAND_ACHIEVEMENT_COW_LORE:
- §8 • §7Коров §fх2
ISLAND_ACHIEVEMENT_CRAFT_NAME: Скрафтить предметы
ISLAND_ACHIEVEMENT_DIODE_LORE:
- §8 • §7Повторителей §fх32
ISLAND_ACHIEVEMENT_EMPTY_MAP_LORE:
- §8 • §7Пустых карт §fх10
ISLAND_ACHIEVEMENT_ENCHANTMENT_TABLE_LORE:
- §8 • §7Стол зачарования §fх1
ISLAND_ACHIEVEMENT_FERMENTED_SPIDER_EYE_LORE:
- §8 • §7Ферментированных глаз пауков §fх10
ISLAND_ACHIEVEMENT_FURNACE_LORE:
- §8 • §7Печь §fх1
ISLAND_ACHIEVEMENT_FURNACE_NAME: Переплавить
ISLAND_ACHIEVEMENT_GENERATOR_LORE:
- §7Постройте генератор булыжника
- §7и добудьте булыжник
ISLAND_ACHIEVEMENT_GENERATOR_NAME: Создать генератор
ISLAND_ACHIEVEMENT_GLASS_LORE:
- §8 • §7Стекло §fх32
ISLAND_ACHIEVEMENT_GOLDEN_APPLE_LORE:
- §8 • §7Золотое яблоко §fх1
ISLAND_ACHIEVEMENT_GOLD_INGOT_LORE:
- §8 • §7Золотых слитков §fх64
ISLAND_ACHIEVEMENT_GUI_NAME: Настройки острова ▸ Достижения
ISLAND_ACHIEVEMENT_HAY_BLOCK_LORE:
- §8 • §7Блоков сена §fх30
ISLAND_ACHIEVEMENT_IRON_INGOT_LORE:
- §8 • §7Железных слитков §fх64
ISLAND_ACHIEVEMENT_LAPIS_BLOCK_LORE:
- §8 • §7Лазуритных блоков §fх64
ISLAND_ACHIEVEMENT_LEVER_LORE:
- §8 • §7Рычагов §fх10
ISLAND_ACHIEVEMENT_LORE:
- §7Список всех достижений
- §7на этом режиме
- ' '
- '§7Выполнено: §f%s§7/§c%s'
- ' '
- ' §e▸ Нажмите, чтобы открыть список'
ISLAND_ACHIEVEMENT_NAME: Достижения
ISLAND_ACHIEVEMENT_OBSIDIAN_LORE:
- §8 • §7Обсидиан §fх32
ISLAND_ACHIEVEMENT_PAINTING_LORE:
- §8 • §7Картины §fх10
ISLAND_ACHIEVEMENT_PIG_LORE:
- §8 • §7Свиней §fх2
ISLAND_ACHIEVEMENT_PISTON_BASE_LORE:
- §8 • §7Поршней §fх10
ISLAND_ACHIEVEMENT_PUMPKIN_PIE_LORE:
- §8 • §7Тыквенных пирогов §fх8
ISLAND_ACHIEVEMENT_QUARTZ_BLOCK_LORE:
- §8 • §7Кварцевых блоков §fх64
ISLAND_ACHIEVEMENT_REDSTONE_COMPARATOR_LORE:
- §8 • §7Компараторов §fх24
ISLAND_ACHIEVEMENT_REDSTONE_LAMP_OFF_LORE:
- §8 • §7Редстоун ламп §fх10
ISLAND_ACHIEVEMENT_RESTART_LORE:
- §7Пересоздать свой остров
ISLAND_ACHIEVEMENT_RESTART_NAME: Пересоздать
ISLAND_ACHIEVEMENT_SHEEP_LORE:
- §8 • §7Овец §fх2
ISLAND_ACHIEVEMENT_SIGN_LORE:
- §8 • §7Табличек §fх10
ISLAND_ACHIEVEMENT_SLIME_BLOCK_LORE:
- §8 • §7Слаймовый блок §fх1
ISLAND_ACHIEVEMENT_SMOOTH_BRICK_LORE:
- §8 • §7Каменных кирпичей §fх64
ISLAND_ACHIEVEMENT_START_LORE:
- §7Создать остров 1-й раз
ISLAND_ACHIEVEMENT_START_NAME: Старт
ISLAND_ACHIEVEMENT_STONE_BUTTON_LORE:
- §8 • §7Каменных кнопок §fх10
ISLAND_ACHIEVEMENT_STONE_PLATE_LORE:
- §8 • §7Каменных напорных пластин §fх10
ISLAND_ACHIEVEMENT_TNT_LORE:
- §8 • §7TNT §fх10
ISLAND_ACHIEVEMENT_TORCH_LORE:
- §8 • §7Факела §fх30
ISLAND_ACHIEVEMENT_WOOD_BUTTON_LORE:
- §8 • §7Деревянных кнопок §fх10
ISLAND_ACHIEVEMENT_WOOD_PLATE_LORE:
- §8 • §7Деревянных напорных пластин §fх10
ISLAND_ACHIEVEMENT_WOOD_STAIRS_LORE:
- §8 • §7Дубовых ступенек §fх20
ISLAND_ACHIEVEMENT_WOOD_STEP_LORE:
- §8 • §7Деревянных плит §fх20
ISLAND_ADDLEVEL_ERROR: Простите, но данный предмет §cне подходит§f для повышения уровня
  острова
ISLAND_ADDLEVEL_GUI_NAME: Уровень острова
ISLAND_ADDLEVEL_HELP_LORE:
- ''
- '§7Уровень острова: §d%s %s §6%s'
- '§7До следующего уровня: §a%s XP'
ISLAND_ADDLEVEL_HELP_NAME: Информация
ISLAND_ADDLEVEL_LORE:
- ''
- §7Как только вы положите нужный
- §7блок в этот слот, он пропадет,
- §7а уровень вашего острова поднимется
- ''
- '§7PS: Можно класть сразу стак блоков §8(х64)'
ISLAND_ADDLEVEL_NAME: Перетащите блоки в этот слот
ISLAND_ADDLEVEL_SUCCES: Игрок %s§f поднял очки опыта вашего острова на §a%s §fпунктов
ISLAND_ADDMEMBER_ERROR: $SB_PREFIX$§cОшибка, данный игрок уже является участником
  или владельцем какого-то острова
ISLAND_ADDMEMBER_LIMIT: $SB_PREFIX$§cОшибка, вы привысили лимит на кол-во участников
  вашего острова, кол-во участников не должно превышать %s
ISLAND_ADDMEMBER_YOU: $SB_PREFIX$§cОшибка, вы не можете кинуть приглашение сами
  себе
ISLAND_ADD_IGNORE_PLAYER: $SB_PREFIX$%s §fбыл добавлен участником %s§f в список
  нежелательных игроков острова
ISLAND_ADD_PLAYER_REQUEST_1: ' %s §fпредлагает вам играть вместе на своем острове'
ISLAND_ADD_PLAYER_REQUEST_2: ' §fДля принятия запроса пишите '
ISLAND_ADD_PLAYER_REQUEST_3: ' §fДля отмены запроса пиши '
ISLAND_ADD_PLAYER_REQUEST_4: ' §fУ вас есть §a120 §fсекунд, чтобы его принять'
ISLAND_ADD_REQUEST: $SB_PREFIX$Приглашение отправлено игроку %s
ISLAND_ALREADY_CREATE: $SB_PREFIX$Ошибка, у вас уже есть остров. Чтобы попасть
  на свой остров напишите §7/island home
ISLAND_BASALT_GENERATOR_UPGRADE: Улучшение генератора базальта
ISLAND_BASALT_GENERATOR_UPGRADE_MAX:
- '§7У вас максимальный уровень генератора: §a%s'
- '§7В данный момент он дает:'
ISLAND_BEACON_BUY_ALREADY: $SB_PREFIX$Вы уже владеете данным эффектом
ISLAND_BEACON_ENABLE_ERROR: $SB_PREFIX$Простите, но вы не можете активировать
  данный эффект, лимит вашего острова на кол-во эффектов §7%s
ISLAND_BEACON_GUI_NAME: Эффекты
ISLAND_BEACON_NOT_OPEN: $SB_PREFIX$Данный эффект вам недоступен, купите его!
ISLAND_BIOME_BASALT_DELTAS_LORE:
- ' '
ISLAND_BIOME_BASALT_DELTAS_NAME: Базальтовые дельты
ISLAND_BIOME_BUY: $SB_PREFIX$Вы успешно купили биом §c%s
ISLAND_BIOME_BUY_ALREADY: $SB_PREFIX$Вы уже владеете данным биомом
ISLAND_BIOME_BUY_TO: $SB_PREFIX$Игрок %s §fкупил биом §c%s §fза §a%s изумрудных
  блока
ISLAND_BIOME_CRIMSON_FOREST_LORE:
- ' '
ISLAND_BIOME_CRIMSON_FOREST_NAME: Багровый лес
ISLAND_BIOME_DESERT_LORE:
- §7Неплодородный биом. Единственные
- §7дружелюбные существа — золотистые
- §7кролики, чья окраскасливается
- §7с песком. Никогда не идет дождь,
- §7поэтому позаботьтесь о ваших фермах!
ISLAND_BIOME_DESERT_NAME: Пустыня
ISLAND_BIOME_FOREST_LORE:
- §7Биом, в котором лучше всего растут
- §7деревья, а в редких случаях
- §7и даже грибы!
ISLAND_BIOME_FOREST_NAME: Лес
ISLAND_BIOME_GUI_NAME: Установка биома
ISLAND_BIOME_JUNGLE_LORE:
- §7Оцелоты, плоды какао и попугаи встречаются
- §7исключительно в этом биоме, кроме того,
- §7в нем самая зеленая трава.
ISLAND_BIOME_JUNGLE_NAME: Джунгли
ISLAND_BIOME_MESA_LORE:
- §7Редкий биом, похожий на пустыню,
- §7с самым темным оттенком травы.
ISLAND_BIOME_MESA_NAME: Глинянные равнины
ISLAND_BIOME_MUSHROOM_ISLAND_LORE:
- §7Самый редкий биом в игре, обычно состоит
- §7из мицелия, но если поставить обычную траву,
- §7она будет ярко зеленого цвета. Кроме грибных
- §7коров здесь не может появиться ни одно существо,
- §7но вы можете размножать их из уже имеющихся!
ISLAND_BIOME_MUSHROOM_ISLAND_NAME: Грибной остров
ISLAND_BIOME_NETHER_WASTES_LORE:
- ' '
ISLAND_BIOME_NETHER_WASTES_NAME: Незерские пустоши
ISLAND_BIOME_NOT_OPEN: $SB_PREFIX$Данный биом вам недоступен, купите его!
ISLAND_BIOME_OCEAN_LORE:
- §7Обычно океаны расстилаются во все стороны,
- §7и составляют 60% площади от всего мира.
- '§7В нем не появляются дружелюбные существа, '
- §7но враждебные могут себе такое позволить.
ISLAND_BIOME_OCEAN_NAME: Океан
ISLAND_BIOME_PLAINS_LORE:
- §7Равнина. Что тут можно сказать?
- §7На ней появляются лошади и некоторые
- §7другие дружелюбные существа.
ISLAND_BIOME_PLAINS_NAME: Равнина
ISLAND_BIOME_ROOFED_FOREST_LORE:
- §7Темный лес подходит для выращивания грибов,
- §7а еще в нем настолько многочисленны деревья,
- §7что в некоторых местах может стать достаточно
- §7темно, чтобы враждебные существа появились
- §7даже днем!
ISLAND_BIOME_ROOFED_FOREST_NAME: Тёмный лес
ISLAND_BIOME_SET: $SB_PREFIX$Установлен биом §a%s
ISLAND_BIOME_SET_ERROR: $SB_PREFIX$Этот биом уже установлен на вашем острове
ISLAND_BIOME_SOUL_SAND_VALLEY_LORE:
- ' '
ISLAND_BIOME_SOUL_SAND_VALLEY_NAME: Долина песка душ
ISLAND_BIOME_SWAMPLAND_LORE:
- §7Темная трава, темно-зеленые лозы на деревьях,
- §7именно тут по ночам появляются Слизни.
ISLAND_BIOME_SWAMPLAND_NAME: Болото
ISLAND_BIOME_TAIGA_LORE:
- §7Единственное место для появления волков,
- §7биом насыщенный хвойными деревьями, цветами
- §7и папоротниками.
ISLAND_BIOME_TAIGA_NAME: Тайга
ISLAND_BIOME_WARPED_FOREST_LORE:
- ' '
ISLAND_BIOME_WARPED_FOREST_NAME: Искаженный лес
ISLAND_BOX_SHOP_SELECT_LORE:
- §7Покупка ключей происходит на /warp shop
- ''
- §e▸ Нажмите, чтобы купить ключи
ISLAND_BOX_SHOP_SELECT_NAME: §eПокупка на /warp shop
ISLAND_BUY_BASALT_GENERATOR: $SB_PREFIX$Игрок %s §fулучшил базальтовый генератор
  для вашего острова до §a%s §fуровня
ISLAND_BUY_BEACON_ALERT: $SB_PREFIX$Игрок %s §fкупил эффект маяка §7%s §fза
  §e%s §f%s
ISLAND_BUY_BEACON_GUI_LORE:
- ''
- §7Вы уверены, что хотите купить
- §7данный эффект для вашего острова
- ''
ISLAND_BUY_BEACON_GUI_NAME: Купить эффект ?
ISLAND_BUY_BIOME:
- ' '
- §7Вы уверены, что хотите купить
- §7данный биом ?
- ' '
ISLAND_BUY_BIOME_GUI_NAME: Купить биом ?
ISLAND_BUY_GENERATOR: $SB_PREFIX$Игрок %s §fулучшил генератор для вашего острова
  до §a%s §fуровня
ISLAND_BUY_UPGRADE: $SB_PREFIX$Игрок %s §fкупил улучшение §a%s
ISLAND_BUY_UPGRADE_GOLD_LORE:
- ' '
- §7Вы уверены, что хотите купить
- §7данное улучшение зо §eзолото §7?
- ' '
ISLAND_BUY_UPGRADE_GUI_NAME: Купить улучшение ?
ISLAND_BUY_UPGRADE_LORE:
- ' '
- §7Вы уверены, что хотите купить
- §7данное улучшение ?
- ' '
ISLAND_BUY_UPGRADE_PRICE_LORE:
- '§7Цена: §ax%s изумрудных блоков'
- '§7Цена: §e%s §7%s'
- ' '
- §e▸ Нажмите ЛКМ, чтобы купить за блоки
- §e▸ Нажмите ПКМ, чтобы купить за золото
ISLAND_BUY_UPGRADE_TERRITORY: $SB_PREFIX$Игрок %s §fкупил расширение территории
  острова
ISLAND_CANCEL: $SB_PREFIX$Вы отклонили запрос на совместное сожительство от игрока %s
ISLAND_CANCEL_YOU: $SB_PREFIX$Игрок %s §fотклонил ваш запрос
ISLAND_CLASSIC_LORE:
- ' '
- §7Самый обычный остров.
- ' '
- §e▸ Нажмите, чтобы выбрать этот остров
ISLAND_CLASSIC_NAME: Классический остров
ISLAND_CLEAR_STATS_APPLY: $SB_PREFIX$Статистика очищена
ISLAND_CLEAR_STATS_ERROR: $SB_PREFIX$Вы не можете очистить пустую статистику
  :/
ISLAND_CLEAR_STATS_LORE:
- ''
- §7Очистить вашу личную
- §7статистику убийств и смертей
- ''
- '§7Цена: §ax%s изумрудных блоков'
- ''
- §e▸ Нажмите, чтобы очистить
ISLAND_CLEAR_STATS_NAME: Очистить статистику
ISLAND_CLICK_TO_BUY_BEACON_ERROR:
- '§7Цена: §e%s §7золота'
- §cДанный эффект вам недоступен!
- ' '
- §e▸ Нажмите ПКМ, чтобы купить данный эффект
ISLAND_CLICK_TO_DISABLE_BEACON:
- §e▸ Нажмите, чтобы отключить эффект
ISLAND_CLICK_TO_ENABLE_BEACON:
- §e▸ Нажмите, чтобы включить эффект
ISLAND_CLICK_TO_ENABLE_BEACON_ERROR:
- §cВы не можете активировать данный эффект
- §cУ вас превышен лимит на кол-во
- §cактивированных эффектов!
ISLAND_CLICK_TO_SET_BIOME: §e▸ Нажмите, чтобы выбрать биом
ISLAND_CLICK_TO_SET_BIOME_ERROR:
- '§7Цена: §ax%s изумрудных блоков'
- §cДанный биом вам недоступен!
- ' '
- §e▸ Нажмите ПКМ, чтобы купить данный биом
ISLAND_CLOSED: $SB_PREFIX$Данный остров закрыт и телепортация на него не возможна!
  Попросите владельца отключить флаг §cприватность

ISLAND_CREATE_DESCRIPTION: 'создать остров'
ISLAND_DESTROY_DESCRIPTION: 'удалить остров'
ISLAND_RESTART_DESCRIPTION: 'очистить территорию'
ISLAND_TELEPORT_DESCRIPTION: 'телепортироваться на открытый остров'
ISLAND_ISLANDS_DESCRIPTION: 'список островов'
ISLAND_INVITE_DESCRIPTION: 'добавить игрока на остров'
ISLAND_LEAVE_DESCRIPTION: 'покинуть остров §c(если вы не его владелец)'
ISLAND_ACCEPT_DESCRIPTION: 'принять заявку на добавление в чей-то остров'
ISLAND_DENY_DESCRIPTION: 'отменить заявку на добавление в чей-то остров'
ISLAND_REQUESTS_DESCRIPTION: 'список заявок на добавление на чьи-то острова'
ISLAND_BIOME_DESCRIPTION: 'выбор биома'
ISLAND_FLAG_DESCRIPTION: 'настройка флагов'
ISLAND_IGNORE_DESCRIPTION: 'добавить игрока в черный список острова'
ISLAND_HOME_DESCRIPTION: 'телепортироваться домой'
ISLAND_SETHOME_DESCRIPTION: 'установить новую точку дома'
ISLAND_DELETE_DESCRIPTION: 'удалить игрока с острова'
ISLAND_LEVEL_DESCRIPTION: 'уровень острова'
ISLAND_DESCRIPTION: 'управление островом'

ISLAND_CO_OWNER: Совладелец
ISLAND_CREATE_LORE:
- ''
- §7Мне кажется или у вас нет острова ?!
- §7Нажмите на этот предмет и выберите
- §7особую генерацию для своего острова
ISLAND_CREATE_NAME: §eСоздать остров
ISLAND_CREATE_SUBTITLE: §7Подробная информация §f/is
ISLAND_CREATE_TITLE: §eОстров успешно создан!
ISLAND_DEFAULT_BASALT_GENERATOR_LORE: §8 • §7100% Базальт
ISLAND_DEFAULT_GENERATOR_LORE: §8 • §7100% Булыжник
ISLAND_DEFAULT_LORE:
- ' '
- §7Обычный остров, в исполнении
- §7нашего сервера, ничего лишнего.
- ' '
- §e▸ Нажмите, чтобы выбрать этот остров
ISLAND_DEFAULT_NAME: Стандартный остров
ISLAND_DELETE: $SB_PREFIX$Игрок %s §fбыл успешно удален с вашего острова
ISLAND_DELETE_GUI_NAME: Удалить остров ?
ISLAND_DELETE_LORE:
- ''
- §7Вы уверены, что хотите удалить
- §7свой остров ? Все улучшения, уровень
- §7острова и т.д. будут сброшены и удалены
- ''
- '§7PS: Повтороное создание острова - §f/is create'
- ''
- §cВНИМАНИЕ! Действие не обратимо!
ISLAND_DELETE_MEMBER_ERROR: $SB_PREFIX$§cОшибка, данный игрок не является участником
  вашего острова
ISLAND_DELETE_MEMBER_ERROR2: $SB_PREFIX$§cОшибка, данный игрок владелец острова
ISLAND_DELETE_MEMBER_OWNER: $SB_PREFIX$§cОшибка, вы не можете удалить сами себя
  со своего острова
ISLAND_DELETE_TO: $SB_PREFIX$Игрок %s §fудалил вас с острова %s §fи вы были
  отправлены на спавн
ISLAND_DESTROY_COOLDOWN: $SB_PREFIX$§cВы не можете так часто делать рестарт острова,
  вам придется подождать %s
ISLAND_END_LORE:
- ' '
- §7Небольшое количество эндерняка
- §7и цветущих корусов немного
- §7скрасят вам геймплей.
- ' '
- §e▸ Нажмите, чтобы выбрать этот остров
ISLAND_END_NAME: Остров края
ISLAND_FLAG_DROP_LEAVES_LORE:
- ''
- §7Позволяет включить или
- §7отключить опадение
- §7листвы на территории острова
ISLAND_FLAG_DROP_LEAVES_NAME: Опадение листвы
ISLAND_FLAG_DROP_LORE:
- ''
- §7Позволяет влючить или
- §7отключить возможность выбрасывать
- §7предметы посетителям острова
ISLAND_FLAG_DROP_NAME: Выбрасывание
ISLAND_FLAG_ENTITY_DAMAGE_LORE:
- ''
- §7Позволяет включить или
- §7отключить нанесение урона
- §7дружественным мобам
- §7посетителям острова
ISLAND_FLAG_ENTITY_DAMAGE_NAME: Урон по мобам
ISLAND_FLAG_ENTITY_EXPLODE_LORE:
- ''
- §7Позволяет включить или
- §7отключить взрыв блоков
- §7от энтити на территории острова
ISLAND_FLAG_ENTITY_EXPLODE_NAME: Взрыв блоков
ISLAND_FLAG_ENTITY_GRIEF_LORE:
- ''
- §7Если надоедливые мобы
- §7постоянно воруют блоки,
- §7то данный флаг решит
- §7все ваши проблемы
ISLAND_FLAG_ENTITY_GRIEF_NAME: Гриферство мобов
ISLAND_FLAG_FIRE_SPREAD_LORE:
- ''
- §7Позволяет включить или
- §7отключить распространение
- §7огня на территории острова
ISLAND_FLAG_FIRE_SPREAD_NAME: Распространение огня
ISLAND_FLAG_GUI_NAME: Флаги
ISLAND_FLAG_HUNGER_LORE:
- ''
- §7Позволяет включить или
- §7отключить голод для
- §7всех участников острова
ISLAND_FLAG_HUNGER_NAME: Анти голод
ISLAND_FLAG_INVINCIBLE_LORE:
- ''
- §7Позволяет включить или
- §7отключить Неуязвимость
- §7на территории острова
ISLAND_FLAG_INVINCIBLE_NAME: Неуязвимость
ISLAND_FLAG_NOT_USED: У вас нет прав на использование этого флага. Владелец острова
  должен быть %s §fили выше
ISLAND_FLAG_NOT_USED_GUI:
- §cДоступен для %s §cи выше
- §c(должен быть у владельца острова)
ISLAND_FLAG_OPENED_LORE:
- ''
- §7Позволяет закрыть или
- §7открыть остров для
- §7посещений другими игрока
- ''
- §7Для посещения чужого острова
- '§7пишите: §f/is tp <ник>'
ISLAND_FLAG_OPENED_NAME: Приватность
ISLAND_FLAG_PICKUP_LORE:
- ''
- §7Позволяет включить или
- §7отключить поднимание предметов
- §7посетителям острова
ISLAND_FLAG_PICKUP_NAME: Поднятия
ISLAND_FLAG_PVP_LORE:
- ''
- §7Позволяет включить или
- §7отключить ПВП на острове
ISLAND_FLAG_PVP_NAME: ПВП
ISLAND_FLAG_SNOW_LORE:
- ''
- §7Разрешить/Запретить образование
- §7снега на острове
ISLAND_FLAG_SNOW_NAME: Образование снега
ISLAND_FLAG_SPAWN_MOB_LORE:
- ''
- §7Позволяет включить или
- §7отключить спавн
- §7мобов на территории острова
ISLAND_FLAG_SPAWN_MOB_NAME: Спавн мобов
ISLAND_FLAG_TRANSPORT_LORE:
- ''
- §7Разрешить/запретить использовать как транспорт вагонетки,
- §7лодки, свиней и лошадей
ISLAND_FLAG_TRANSPORT_NAME: Транспорт
ISLAND_FLAG_USE_LORE:
- ''
- §7Позволяет включить или
- §7отключить использование
- §7верстаков, рычагов и т.д.
- §7для посетителей острова
ISLAND_FLAG_USE_NAME: Использование
ISLAND_FLAG_VILLAGERS_LORE:
- ''
- §7Разрешить/запретить торговаться с жителями
ISLAND_FLAG_VILLAGERS_NAME: Торговля
ISLAND_GENERATOR_UPGRADE: Улучшение генератора
ISLAND_GENERATOR_UPGRADE_LEVEL:
- '§7Текущий уровень генератора: §a%s'
- '§7Максимальный уровень генератора: §c%s'
- '§7В данный момент он дает:'
ISLAND_GENERATOR_UPGRADE_LEVEL_CLICK:
- ''
- '§7Цена: §ax%s изумурудных блоков'
- ''
- ' §e▸ Нажмите, чтобы купить'
ISLAND_GENERATOR_UPGRADE_MAX:
- '§7У вас максимальный уровень генератора: §a%s'
- '§7В данный момент он дает:'
ISLAND_HELL_LORE:
- ' '
- §7Самый сложный остров для старта,
- §7магмовые блоки и озеро с лавой
- §7дают незабываемые, острые ощущения.
- ' '
- §e▸ Нажмите, чтобы выбрать этот остров
ISLAND_HELL_NAME: Адский остров
ISLAND_HOUSE_LORE:
- ' '
- §7Зачем нужен стандартный остров,
- §7когда есть остров с домом?!
- ' '
- §e▸ Нажмите, чтобы выбрать этот остров
ISLAND_HOUSE_NAME: Остров с домиком
ISLAND_IGNORED_GUI_NAME: Заблокированные
ISLAND_IGNORED_LORE:
- ''
- '§7Заблокирован: §f%s'
- '§7Кто заблокировал: §7%s'
- '§7Онлайн: %s'
- ''
- §e▸ Нажмите ПКМ, чтобы управлять игроком
ISLAND_IGNORED_NOTHING_LORE:
- ''
- §7На вашем острове нет
- §7заблокированных игроков
- ''
ISLAND_IGNORE_ALREADY: §cОшибка, данный игрок уже в списке!
ISLAND_IGNORE_MEMBER: §cОшибка, данный игрок является участником острова!
ISLAND_LEAVE: $SB_PREFIX$Вы покинули остров игрока %s
ISLAND_LEAVE_GUI_NAME: Покинуть остров ?
ISLAND_LEAVE_LORE:
- ''
- §7Вы уверены, что хотите покинуть
- §7остров на котором играете в
- §7данный момент ?
- ''
ISLAND_LEAVE_OWNER: $SB_PREFIX$§cОшибка, вы не можете покинуть свой же остров
ISLAND_MAX_UPGRADE: $SB_PREFIX$§cОшибка! У вас уже максимальный уровень данного
  апгрейда
ISLAND_MEMBER: Участник
ISLAND_MEMBERS_GUI_NAME: Участники острова
ISLAND_MEMBER_BLOCKED: $SB_PREFIX$Простите, но вы были внесеты в §cсписок нежелательных
  игроков §fэтого острова (владелец - %s§f)
ISLAND_MEMBER_LORE:
- ''
- '§7Стал участником острова: §f%s'
- '§7Ранг: §7%s'
- '§7На острове игрока: %s'
- ''
- §e▸ Нажмите ПКМ, чтобы управлять игроком
ISLAND_MEMBER_OFFLINE: §cоффлайн
ISLAND_MEMBER_REMOVED: $SB_PREFIX$%s §fбыл удален с острова игроком %s
ISLAND_MEMBER_REMOVE_LORE:
- ' '
- '§7Удалить участника острова '
- §7и запретить ему любые изменения
- §7вашего острова
- ' '
- §e▸ Нажмите, чтобы удалить участника
ISLAND_MEMBER_REMOVE_NAME: Удалить участника острова
ISLAND_MEMBER_SETTINGS_OWNER: $SB_PREFIX$§cОшибка, вы не можете настраивать права
  владельца острова!
ISLAND_MEMBER_SET_RANK_ALERT: $SB_PREFIX$§fИгроку %s §fбыли назначены новые права
  управления островом
ISLAND_MEMBER_SET_RANK_LORE_OFF:
- §7Нажмите, чтобы выдать новые права
ISLAND_MEMBER_SET_RANK_LORE_ON:
- §7Данные права уже выданы
ISLAND_MEMBER_SET_RANK_NAME_OFF: §aНазначить
ISLAND_MEMBER_SET_RANK_NAME_ON: §7Назначен
ISLAND_MINE_HOLO: До обновления
ISLAND_MINE_UPDATE: §fАвтошахта обновлена §7/warp mine
ISLAND_MINE_UPDATE_HOLO: Обновлено!
ISLAND_MINE_UPDATE_NETHER: §fАвтошахта обновлена §7/warp minenether
ISLAND_MOB_COMMAND:
- '§fНа вашем острове:'
- ' §c▪ §fЖивотных: §a%s'
- ' §c▪ §fМонстров: §a%s'
- ' §c▪ §fИгроков: §a%s'
- ' §c▪ §fДропнутых айтемов: §a%s'
- Ваш лимит мобов §a%s§f/§c%s
ISLAND_MOB_COMMAND_ERROR: $SB_PREFIX$Вы должны находится на территории своего
  острова
ISLAND_NETHER_MINE_ERROR: §cВы не можете рыть блоки в адской шахте, пока не приобретете
  улучшение "АД"
ISLAND_NOT_CREATE_WARP: §cВы не можете создавать варп на этом острове
ISLAND_NOT_FOUND: $SB_PREFIX$Остров игрока %s §fне найден
ISLAND_NOT_OWNER: §cОшибка, вы не владелец или со-владелец острова!
ISLAND_NOT_USED: §cОшибка, владелец острова запретил взаимодейстие с подобными предметами
ISLAND_NOT_YOU: §cОшибка, вы не можете это сделать, вы не участник острова!
ISLAND_NOT_YOU_COMMAND: §cОшибка, вы не можете использовать эту команду на чужом острове!
ISLAND_NO_ISLAND: $SB_PREFIX$Ошибка, кажется у вас нет острова... Чтобы создать
  свой остров напишите §7/island create
ISLAND_NO_PVP: §cОшибка, ПВП на этом острове отключено
ISLAND_OPENED_GUI_LORE:
- ''
- '§7Дата создания: §f%s'
- '§7Биом острова: §c%s'
- '§7Уровень острова: §d%s'
- '§7Открыто территории: §a%s'
- '§7Кол-во участников: §a%s§7/§c%s'
- '§7Онлайн участников: §a%s'
ISLAND_OPENED_GUI_NAME: Публичные острова
ISLAND_OWNER: Владелец
ISLAND_PROFILE_ADDLEVEL_LORE:
- ' '
- §7Увеличение уровня вашего
- §7острова путем добавления блоков!
- ' '
- §8• §fЛазуритовый блок §8- §a2 §fочка
- §8• §fКварцевый блок §8- §a3 §fочка
- §8• §fРедстоун блок §8- §a3 §fочка
- §8• §fУгольный блок §8- §a5 §fочков
- §8• §fЖелезный блок §8- §a4 §fочка
- §8• §fАлмазный блок §8- §a7 §fочков
- §8• §fЗолотой блок §8- §a8 §fочков
- §8• §fИзумрудный блок §8- §a20 §fочков
- §8• §fНезеритовый блок §8- §a2,400 §fочков
- ' '
- §e▸ Нажмите, чтобы открыть
ISLAND_PROFILE_ADDLEVEL_NAME: Уровень острова
ISLAND_PROFILE_BEACON_LORE:
- ''
- §7Покупка и активация эффектов,
- §7которые будут действовать на весь остров
- ' '
- §e▸ Нажмите, чтобы открыть
ISLAND_PROFILE_BEACON_NAME: Эффекты
ISLAND_PROFILE_BIOME_LORE:
- ' '
- §7Установка и покупка новых биомов
- ' '
- §cВНИМАНИЕ! Покупать и менять биомы
- §cострова может только владелец или со-владелец
- ' '
- §e▸ Нажмите, чтобы открыть настройки биома
ISLAND_PROFILE_BIOME_NAME: Выбор биома
ISLAND_PROFILE_BIOME_NETHER_LORE:
- ' '
- §7Установка и покупка новых адских биомов
- ' '
- §cВНИМАНИЕ! Покупать и менять биомы
- §cострова может только владелец или со-владелец
- ' '
- §e▸ Нажмите, чтобы открыть настройки биома
ISLAND_PROFILE_BIOME_NETHER_NAME: Выбор адского биома
ISLAND_PROFILE_FLAG_LORE:
- ' '
- §7Полная кастомизация настроек
- §7вашего острова
- ' '
- §cВНИМАНИЕ! Менять настройки флагов
- §cможет только владелец или со-владелец
- ' '
- §e▸ Нажмите, чтобы открыть настройки флагов
ISLAND_PROFILE_FLAG_NAME: Настройки флагов
ISLAND_PROFILE_GUI_NAME: Настройки острова
ISLAND_PROFILE_HOME_LORE:
- ' '
- §7Телепортация на точку дома
- ' '
- '§7PS: Чтобы установить точку дома,'
- §7пишите §f/is sethome
- ' '
- §e▸ Нажмите, чтобы телепортироваться
ISLAND_PROFILE_HOME_NAME: Телепортация домой
ISLAND_PROFILE_IGNORE_LIST_LORE:
- ' '
- §7Просмотр и удаление заблокированных
- §7игроков вашего острова
- ' '
- §7Чтобы добавить игрока в данный список,
- '§7напишите команду: §f/is ignore <ник игрока>'
- ' '
- §cВНИМАНИЕ! Заблокированные игроки
- §cне смогут попасть на ваш остров!
- ' '
- §e▸ Нажмите, чтобы открыть список
ISLAND_PROFILE_IGNORE_LIST_NAME: Список заблокированных
ISLAND_PROFILE_LORE:
- ' '
- '§7Дата создания: §f%s'
- '§7Владелец: %s'
- '§7Ваш ранг: §c%s'
- '§7Биом острова: §c%s'
- '§7Уровень острова: §d%s'
- '§7До следующего уровня: §a%s XP'
- '§7Лимит мобов: §a%s'
- '§7Открыто территории: §a%s'
- '§7Кол-во участников: §a%s§7/§c%s'
- ' '
ISLAND_PROFILE_MEMBERS_LORE:
- ' '
- §7Просмотр и настройка прав участников острова,
- §7а так же детальная информация о каждом из них
- ' '
- §e▸ Нажмите, чтобы открыть меню
ISLAND_PROFILE_MEMBERS_NAME: Список участников острова
ISLAND_PROFILE_NAME: Полная информация по острову
ISLAND_PROFILE_UPGRADE_LORE:
- ' '
- §7Покупка улучшений для вашего острова
- ' '
- §cВНИМАНИЕ! Улучшать остров может только
- §cвладелец или со-владелец
- ' '
- §e▸ Нажмите, чтобы улучшить остров
ISLAND_PROFILE_UPGRADE_NAME: Улучшение острова
ISLAND_RANK_CO_OWNER:
- ' '
- '§7Доступные права:'
- §8• §7Все права участника острова
- §8• §7Покупка и установка биомов
- §8• §7Управления правами участников острова
- §8• §7Улучшение острова
- §8• §7Управление флагами острова
- ' '
ISLAND_RANK_MEMBER:
- ' '
- '§7Доступные права:'
- §8• §7Телепортация на остров
- §8• §7Взаимодействие с территорией острова
- ' '
ISLAND_REGUEST_GUI_NAME: Активные приглашения
ISLAND_REMOVED: $SB_PREFIX$Остров успешно удален, вы были перемещены на спавн
ISLAND_REMOVED_MEMBER: $SB_PREFIX$Владелец острова удалил свой остров, вы были
  перемещены на спавн
ISLAND_REMOVE_IGNORE_PLAYER: $SB_PREFIX$%s §fбыл удален участником %s§f из списка
  нежелательных игроков острова
ISLAND_REMOVE_MEMBER_GUI_NAME: Удалить участника ?
ISLAND_REMOVE_MEMBER_LORE:
- ''
- §7Вы уверены, что хотите удалить
- §7с вашего привата данного
- §7участника ?
- ''
ISLAND_REQUESTS_ERROR: $SB_PREFIX$§cОшибка, у вас уже есть остров, приглашения
  вам не нужны
ISLAND_REQUESTS_ITEM_HEAD_LORE:
- ''
- §7Заявка будет удалена
- §7через §c%s §7%s
- ''
- '§7Владелец острова:'
- ' §f%s'
- ''
- §e▸ ЛКМ, чтобы принять запрос
- §e▸ ПКМ, чтобы отклонить
ISLAND_RESET: $SB_PREFIX$Ваш остров был очищен и пересоздан
ISLAND_RESET_GUI_NAME: Пересоздать остров ?
ISLAND_RESET_LORE:
- ''
- §7Вы уверены, что хотите очистить
- §7территорию своего острова и начать
- §7все с чистого листа ?
- ''
- §cВНИМАНИЕ! Действие не обратимо!
ISLAND_ROCKS_LORE:
- ' '
- §7Версия острова с небольшими камнями
- §7по всей поверхности и немного отличным
- §7от стандартного оформлением.
- ' '
- §e▸ Нажмите, чтобы выбрать этот остров
ISLAND_ROCKS_NAME: Каменистый остров
ISLAND_RUINES_LORE:
- ' '
- §7Возможно на этом острове выживал какой-то
- '§7другой игрок до тебя... Шутка! '
- §7Еще один неплохой вариант для старта.
- ' '
- §e▸ Нажмите, чтобы выбрать этот остров
ISLAND_RUINES_NAME: Остров в руинах
ISLAND_SETHOME: $SB_PREFIX$Точка дома установлена (§7%s§f)
ISLAND_SETHOME_ERROR: $SB_PREFIX$§cВы не можете установить точку дома в этой локации
ISLAND_TAIGA_LORE:
- ' '
- §7Йо-хо-хо, любите снег и мороз?
- §7Тогда данный остров точно для вас,
- §7на нем даже есть столб в виде леденца,
- §7ну не чудо ли?
- ' '
- §e▸ Нажмите, чтобы выбрать этот остров
ISLAND_TAIGA_NAME: Снежный остров
ISLAND_TELEPORT_HOME: $SB_PREFIX$Вы были телепортированы на остров (владелец
  - %s§f)
ISLAND_TOP_KILLS_HOLO:
- §6§lТоп по убийствам
- §fТоп игроков по кол-ву
- §fубитых игроков
ISLAND_TOP_LEVEL: уровень
ISLAND_TOP_LEVEL_HOLO:
- §6§lТоп по уровню острова
- §fТоп владельцев островов
- §fпо уровню их острова
ISLAND_UPGRADED_TERRITORY_LORE:
- ' '
- §7Увеличение максимального размера вашего острова
- ' '
- '§7Текущий уровень улучшения: §a%s'
- '§7Максимальный уровень: §c5'
- ' '
ISLAND_UPGRADE_BUY_ERROR: $SB_PREFIX$У вас недостаточно §aизумрудных блоков§f
  для этой покупки (необходимо §7x%s§f)
ISLAND_UPGRADE_BUY_GOLD_ERROR: $SB_PREFIX$У вас недостаточно §eзолота §f для
  этой покупки (необходимо §e%s§f)
ISLAND_UPGRADE_EFFICIENCY_FURNACE_LORE:
- ''
- §7С шансом 5% печь выдаст в 2 раза
- §7больше ресурсов после плавки
ISLAND_UPGRADE_EFFICIENCY_FURNACE_NAME: Двойная печь
ISLAND_UPGRADE_EXPENSIVE_PLANTS_LORE:
- ''
- §7С шансом 25% ваши культуры будут
- §7расти быстрее
- ''
- §8Пшеница, Картошка, Морковь, Свекла, Адский нарост
ISLAND_UPGRADE_EXPENSIVE_PLANTS_NAME: Тяга к солнцу
ISLAND_UPGRADE_FUEL_ECONOMY_FURNACE_LORE:
- ''
- §7Любое топливо в печи горит в 1.5 раза дольше
ISLAND_UPGRADE_FUEL_ECONOMY_FURNACE_NAME: Топливный барон
ISLAND_UPGRADE_NETHER_LORE:
- ''
- §7Открывает доступ в ад
- §7и адскую шахту
ISLAND_UPGRADE_NETHER_NAME: Адские мелочи
ISLAND_UPGRADE_TERRITORY_LORE:
- ' '
- §7Увеличение максимального размера вашего острова
- ' '
- '§7Текущий уровень улучшения: §a%s'
- '§7Максимальный уровень: §c5'
- ' '
- '§7Цена: §ax%s изумрудных блоков'
- ' '
- §e▸ Нажмите, чтобы увеличить размер
ISLAND_UPGRADE_TERRITORY_NAME: Улучшение территории
ISLAND_WARP_REMOVED: §cВаш варп %s §cбыл удален, т.к. остров на котором он стоял стал
  приватным или вы были удалены с острова
ISLAND_YOU_NOT_OWNER: У вас нет прав на данное действие! Вам нужно быть модератором
  или владельцем данного острова
SKYBLOCK_CHOISED_GUI_NAME: Выбор острова
SKYBLOCK_SHOP_BLOCKS: Магазин блоков
SKYBLOCK_SHOP_CUSTOM: Магазин редкостей
SKYBLOCK_SHOP_EXCHANGER: Магазин обменник
SKYBLOCK_SHOP_FARMING: Магазин фермерства
SKYBLOCK_SHOP_LOOT: Магазин дропа
SKYBLOCK_SHOP_OTHER: Магазин разного
SKYBLOCK_SHOP_RES: Магазин ресурсов
SKYBLOCK_UPGRADE_GUI_NAME: Улучшения
